
Microsoft Visual Studio Solution File, Format Version 12.00
# Visual Studio Version 16
VisualStudioVersion = 16.0.30413.136
MinimumVisualStudioVersion = 10.0.40219.1
Project("{FAE04EC0-301F-11D3-BF4B-00C04F79EFBC}") = "Battleship-OCP", "Battleship-OCP\Battleship-OCP.csproj", "{F7CDF6D9-42D0-4101-A9E5-D5A5C6269212}"
EndProject
Global
	GlobalSection(SolutionConfigurationPlatforms) = preSolution
		Debug|Any CPU = Debug|Any CPU
		Release|Any CPU = Release|Any CPU
	EndGlobalSection
	GlobalSection(ProjectConfigurationPlatforms) = postSolution
		{F7CDF6D9-42D0-4101-A9E5-D5A5C6269212}.Debug|Any CPU.ActiveCfg = Debug|Any CPU
		{F7CDF6D9-42D0-4101-A9E5-D5A5C6269212}.Debug|Any CPU.Build.0 = Debug|Any CPU
		{F7CDF6D9-42D0-4101-A9E5-D5A5C6269212}.Release|Any CPU.ActiveCfg = Release|Any CPU
		{F7CDF6D9-42D0-4101-A9E5-D5A5C6269212}.Release|Any CPU.Build.0 = Release|Any CPU
	EndGlobalSection
	GlobalSection(SolutionProperties) = preSolution
		HideSolutionNode = FALSE
	EndGlobalSection
	GlobalSection(ExtensibilityGlobals) = postSolution
		SolutionGuid = {547FE07C-3BFF-4EE9-B8B1-0919992FA1A2}
	EndGlobalSection
EndGlobal
